Microsoft Visual Studio Solution File, Format Version 12.00
# Visual Studio Version 17
VisualStudioVersion = 17.5.2.0
MinimumVisualStudioVersion = 10.0.40219.1
Project("{FAE04EC0-301F-11D3-BF4B-00C04F79EFBC}") = "MemeStreamApi", "MemeStreamApi\MemeStreamApi.csproj", "{F44F0814-835F-FA91-4284-751F0D37C367}"
EndProject
Global
	GlobalSection(SolutionConfigurationPlatforms) = preSolution
		Debug|Any CPU = Debug|Any CPU
		Release|Any CPU = Release|Any CPU
	EndGlobalSection
	GlobalSection(ProjectConfigurationPlatforms) = postSolution
		{F44F0814-835F-FA91-4284-751F0D37C367}.Debug|Any CPU.ActiveCfg = Debug|Any CPU
		{F44F0814-835F-FA91-4284-751F0D37C367}.Debug|Any CPU.Build.0 = Debug|Any CPU
		{F44F0814-835F-FA91-4284-751F0D37C367}.Release|Any CPU.ActiveCfg = Release|Any CPU
		{F44F0814-835F-FA91-4284-751F0D37C367}.Release|Any CPU.Build.0 = Release|Any CPU
	EndGlobalSection
	GlobalSection(SolutionProperties) = preSolution
		HideSolutionNode = FALSE
	EndGlobalSection
	GlobalSection(ExtensibilityGlobals) = postSolution
		SolutionGuid = {98A93C41-7F5C-4ED2-8058-0E2CFE0B322D}
	EndGlobalSection
EndGlobal
